
Microsoft Visual Studio Solution File, Format Version 12.00
# Visual Studio Version 17
VisualStudioVersion = 17.6.33829.357
MinimumVisualStudioVersion = 10.0.40219.1
Project("{888888A0-9F3D-457C-B088-3A5042F75D52}") = "linear regresion model", "linear regresion model\linear regresion model.pyproj", "{70C4EDE1-BD2C-4D03-A571-B125F95B28C0}"
EndProject
Global
	GlobalSection(SolutionConfigurationPlatforms) = preSolution
		Debug|Any CPU = Debug|Any CPU
		Release|Any CPU = Release|Any CPU
	EndGlobalSection
	GlobalSection(ProjectConfigurationPlatforms) = postSolution
		{70C4EDE1-BD2C-4D03-A571-B125F95B28C0}.Debug|Any CPU.ActiveCfg = Debug|Any CPU
		{70C4EDE1-BD2C-4D03-A571-B125F95B28C0}.Release|Any CPU.ActiveCfg = Release|Any CPU
	EndGlobalSection
	GlobalSection(SolutionProperties) = preSolution
		HideSolutionNode = FALSE
	EndGlobalSection
	GlobalSection(ExtensibilityGlobals) = postSolution
		SolutionGuid = {C54D2209-8FC3-41A5-861C-C96EDC47E348}
	EndGlobalSection
EndGlobal
